
Microsoft Visual Studio Solution File, Format Version 12.00
# Visual Studio Version 17
VisualStudioVersion = 17.2.32602.215
MinimumVisualStudioVersion = 10.0.40219.1
Project("{9A19103F-16F7-4668-BE54-9A1E7A4F7556}") = "Fly", "Fly.csproj", "{3494DA1F-7B3F-437B-AE3F-2F2EEC7A9EEB}"
EndProject
Global
	GlobalSection(SolutionConfigurationPlatforms) = preSolution
		Debug|Any CPU = Debug|Any CPU
		Release|Any CPU = Release|Any CPU
	EndGlobalSection
	GlobalSection(ProjectConfigurationPlatforms) = postSolution
		{3494DA1F-7B3F-437B-AE3F-2F2EEC7A9EEB}.Debug|Any CPU.ActiveCfg = Debug|Any CPU
		{3494DA1F-7B3F-437B-AE3F-2F2EEC7A9EEB}.Debug|Any CPU.Build.0 = Debug|Any CPU
		{3494DA1F-7B3F-437B-AE3F-2F2EEC7A9EEB}.Release|Any CPU.ActiveCfg = Release|Any CPU
		{3494DA1F-7B3F-437B-AE3F-2F2EEC7A9EEB}.Release|Any CPU.Build.0 = Release|Any CPU
	EndGlobalSection
	GlobalSection(SolutionProperties) = preSolution
		HideSolutionNode = FALSE
	EndGlobalSection
	GlobalSection(ExtensibilityGlobals) = postSolution
		SolutionGuid = {4753C67F-3724-45CB-89C8-859B1BA323AD}
	EndGlobalSection
EndGlobal
